
Microsoft Visual Studio Solution File, Format Version 12.00
# Visual Studio 15
Project("{FAE04EC0-301F-11D3-BF4B-00C04F79EFBC}") = "Exercise5", "Exercise5\Exercise5.csproj", "{C15682B0-6A12-449C-8983-C20A17F8F28F}"
EndProject
Global
	GlobalSection(SolutionConfigurationPlatforms) = preSolution
		Debug|Any CPU = Debug|Any CPU
		Release|Any CPU = Release|Any CPU
	EndGlobalSection
	GlobalSection(ProjectConfigurationPlatforms) = postSolution
		{C15682B0-6A12-449C-8983-C20A17F8F28F}.Debug|Any CPU.ActiveCfg = Debug|Any CPU
		{C15682B0-6A12-449C-8983-C20A17F8F28F}.Debug|Any CPU.Build.0 = Debug|Any CPU
		{C15682B0-6A12-449C-8983-C20A17F8F28F}.Release|Any CPU.ActiveCfg = Release|Any CPU
		{C15682B0-6A12-449C-8983-C20A17F8F28F}.Release|Any CPU.Build.0 = Release|Any CPU
	EndGlobalSection
EndGlobal
