
Microsoft Visual Studio Solution File, Format Version 12.00
# Visual Studio 15
Project("{FAE04EC0-301F-11D3-BF4B-00C04F79EFBC}") = "Exercise3", "Exercise3\Exercise3.csproj", "{07D90ABE-06A7-495A-9758-D32BEE10E75D}"
EndProject
Global
	GlobalSection(SolutionConfigurationPlatforms) = preSolution
		Debug|Any CPU = Debug|Any CPU
		Release|Any CPU = Release|Any CPU
	EndGlobalSection
	GlobalSection(ProjectConfigurationPlatforms) = postSolution
		{07D90ABE-06A7-495A-9758-D32BEE10E75D}.Debug|Any CPU.ActiveCfg = Debug|Any CPU
		{07D90ABE-06A7-495A-9758-D32BEE10E75D}.Debug|Any CPU.Build.0 = Debug|Any CPU
		{07D90ABE-06A7-495A-9758-D32BEE10E75D}.Release|Any CPU.ActiveCfg = Release|Any CPU
		{07D90ABE-06A7-495A-9758-D32BEE10E75D}.Release|Any CPU.Build.0 = Release|Any CPU
	EndGlobalSection
EndGlobal
