
Microsoft Visual Studio Solution File, Format Version 12.00
# Visual Studio 15
Project("{FAE04EC0-301F-11D3-BF4B-00C04F79EFBC}") = "Exercise6", "Exercise6\Exercise6.csproj", "{D32AEE6F-7F2D-4621-ACFE-E16FFDE92B26}"
EndProject
Global
	GlobalSection(SolutionConfigurationPlatforms) = preSolution
		Debug|Any CPU = Debug|Any CPU
		Release|Any CPU = Release|Any CPU
	EndGlobalSection
	GlobalSection(ProjectConfigurationPlatforms) = postSolution
		{D32AEE6F-7F2D-4621-ACFE-E16FFDE92B26}.Debug|Any CPU.ActiveCfg = Debug|Any CPU
		{D32AEE6F-7F2D-4621-ACFE-E16FFDE92B26}.Debug|Any CPU.Build.0 = Debug|Any CPU
		{D32AEE6F-7F2D-4621-ACFE-E16FFDE92B26}.Release|Any CPU.ActiveCfg = Release|Any CPU
		{D32AEE6F-7F2D-4621-ACFE-E16FFDE92B26}.Release|Any CPU.Build.0 = Release|Any CPU
	EndGlobalSection
EndGlobal
