
Microsoft Visual Studio Solution File, Format Version 12.00
# Visual Studio 15
Project("{FAE04EC0-301F-11D3-BF4B-00C04F79EFBC}") = "Exercise15", "Exercise15\Exercise15.csproj", "{BB78ED8F-535A-40A3-B09E-68E44D6DAB45}"
EndProject
Global
	GlobalSection(SolutionConfigurationPlatforms) = preSolution
		Debug|Any CPU = Debug|Any CPU
		Release|Any CPU = Release|Any CPU
	EndGlobalSection
	GlobalSection(ProjectConfigurationPlatforms) = postSolution
		{BB78ED8F-535A-40A3-B09E-68E44D6DAB45}.Debug|Any CPU.ActiveCfg = Debug|Any CPU
		{BB78ED8F-535A-40A3-B09E-68E44D6DAB45}.Debug|Any CPU.Build.0 = Debug|Any CPU
		{BB78ED8F-535A-40A3-B09E-68E44D6DAB45}.Release|Any CPU.ActiveCfg = Release|Any CPU
		{BB78ED8F-535A-40A3-B09E-68E44D6DAB45}.Release|Any CPU.Build.0 = Release|Any CPU
	EndGlobalSection
EndGlobal
